
Microsoft Visual Studio Solution File, Format Version 12.00
# Visual Studio 2013
VisualStudioVersion = 12.0.21005.1
MinimumVisualStudioVersion = 10.0.40219.1
Project("{FAE04EC0-301F-11D3-BF4B-00C04F79EFBC}") = "Sudoku", "Sudoku\Sudoku.csproj", "{228C5F13-A449-4914-B3D2-F16C7B456C2D}"
EndProject
Project("{FAE04EC0-301F-11D3-BF4B-00C04F79EFBC}") = "SudokuTest", "SudokuTest\SudokuTest.csproj", "{53A765C4-FC9F-4007-909D-A6671196A008}"
EndProject
Global
	GlobalSection(SolutionConfigurationPlatforms) = preSolution
		Debug|Any CPU = Debug|Any CPU
		Release|Any CPU = Release|Any CPU
	EndGlobalSection
	GlobalSection(ProjectConfigurationPlatforms) = postSolution
		{228C5F13-A449-4914-B3D2-F16C7B456C2D}.Debug|Any CPU.ActiveCfg = Debug|Any CPU
		{228C5F13-A449-4914-B3D2-F16C7B456C2D}.Debug|Any CPU.Build.0 = Debug|Any CPU
		{228C5F13-A449-4914-B3D2-F16C7B456C2D}.Release|Any CPU.ActiveCfg = Release|Any CPU
		{228C5F13-A449-4914-B3D2-F16C7B456C2D}.Release|Any CPU.Build.0 = Release|Any CPU
		{53A765C4-FC9F-4007-909D-A6671196A008}.Debug|Any CPU.ActiveCfg = Debug|Any CPU
		{53A765C4-FC9F-4007-909D-A6671196A008}.Debug|Any CPU.Build.0 = Debug|Any CPU
		{53A765C4-FC9F-4007-909D-A6671196A008}.Release|Any CPU.ActiveCfg = Release|Any CPU
		{53A765C4-FC9F-4007-909D-A6671196A008}.Release|Any CPU.Build.0 = Release|Any CPU
	EndGlobalSection
	GlobalSection(SolutionProperties) = preSolution
		HideSolutionNode = FALSE
	EndGlobalSection
EndGlobal
