
Microsoft Visual Studio Solution File, Format Version 12.00
# Visual Studio 15
VisualStudioVersion = 15.0.27004.2002
MinimumVisualStudioVersion = 10.0.40219.1
Project("{FAE04EC0-301F-11D3-BF4B-00C04F79EFBC}") = "BoxGame", "BoxGame.csproj", "{20DF6113-4F1C-4901-A74C-8BE3D6CAC9CB}"
EndProject
Project("{FAE04EC0-301F-11D3-BF4B-00C04F79EFBC}") = "BoxGameTest", "..\BoxGameTest\BoxGameTest.csproj", "{934D1B09-6A04-4C41-9CEA-DBB32B18AC02}"
EndProject
Global
	GlobalSection(SolutionConfigurationPlatforms) = preSolution
		Debug|Any CPU = Debug|Any CPU
		Release|Any CPU = Release|Any CPU
	EndGlobalSection
	GlobalSection(ProjectConfigurationPlatforms) = postSolution
		{20DF6113-4F1C-4901-A74C-8BE3D6CAC9CB}.Debug|Any CPU.ActiveCfg = Debug|Any CPU
		{20DF6113-4F1C-4901-A74C-8BE3D6CAC9CB}.Debug|Any CPU.Build.0 = Debug|Any CPU
		{20DF6113-4F1C-4901-A74C-8BE3D6CAC9CB}.Release|Any CPU.ActiveCfg = Release|Any CPU
		{20DF6113-4F1C-4901-A74C-8BE3D6CAC9CB}.Release|Any CPU.Build.0 = Release|Any CPU
		{934D1B09-6A04-4C41-9CEA-DBB32B18AC02}.Debug|Any CPU.ActiveCfg = Debug|Any CPU
		{934D1B09-6A04-4C41-9CEA-DBB32B18AC02}.Debug|Any CPU.Build.0 = Debug|Any CPU
		{934D1B09-6A04-4C41-9CEA-DBB32B18AC02}.Release|Any CPU.ActiveCfg = Release|Any CPU
		{934D1B09-6A04-4C41-9CEA-DBB32B18AC02}.Release|Any CPU.Build.0 = Release|Any CPU
	EndGlobalSection
	GlobalSection(SolutionProperties) = preSolution
		HideSolutionNode = FALSE
	EndGlobalSection
	GlobalSection(ExtensibilityGlobals) = postSolution
		SolutionGuid = {1E96FA81-CCDC-4C8B-BC4D-5D21C8128497}
	EndGlobalSection
EndGlobal
